// !$*UTF8*$!
{
	archiveVersion = 1;
	classes = {
	};
	objectVersion = 46;
	objects = {

/* Begin PBXBuildFile section */
		49AAD6B035D8D5C30ADE7CC8 /* Pods_Insta.framework in Frameworks */ = {isa = PBXBuildFile; fileRef = 80024D3DB748A9232742D4FD /* Pods_Insta.framework */; };
		8DB90A905BEC5EEFBF9B8EBD /* Pods_InstaTests.framework in Frameworks */ = {isa = PBXBuildFile; fileRef = EE81A7EBF3E7C008045ED4C2 /* Pods_InstaTests.framework */; };
		A46610AD1D1B1D8600508237 /* MyPostsViewController.swift in Sources */ = {isa = PBXBuildFile; fileRef = A46610AC1D1B1D8600508237 /* MyPostsViewController.swift */; };
		A46610B11D1B1ED500508237 /* ProfileCell.swift in Sources */ = {isa = PBXBuildFile; fileRef = A46610B01D1B1ED500508237 /* ProfileCell.swift */; };
		A46610B91D1C74F000508237 /* InfiniteScrollActivityView.swift in Sources */ = {isa = PBXBuildFile; fileRef = A46610B81D1C74F000508237 /* InfiniteScrollActivityView.swift */; };
		A46610BB1D1C9A8800508237 /* CollectionViewController.swift in Sources */ = {isa = PBXBuildFile; fileRef = A46610BA1D1C9A8800508237 /* CollectionViewController.swift */; };
		A46610BD1D1C9BED00508237 /* CollectionCell.swift in Sources */ = {isa = PBXBuildFile; fileRef = A46610BC1D1C9BED00508237 /* CollectionCell.swift */; };
		A4719CD21D161E2A00435E30 /* AppDelegate.swift in Sources */ = {isa = PBXBuildFile; fileRef = A4719CD11D161E2A00435E30 /* AppDelegate.swift */; };
		A4719CD71D161E2A00435E30 /* Main.storyboard in Resources */ = {isa = PBXBuildFile; fileRef = A4719CD51D161E2A00435E30 /* Main.storyboard */; };
		A4719CD91D161E2A00435E30 /* Assets.xcassets in Resources */ = {isa = PBXBuildFile; fileRef = A4719CD81D161E2A00435E30 /* Assets.xcassets */; };
		A4719CDC1D161E2A00435E30 /* LaunchScreen.storyboard in Resources */ = {isa = PBXBuildFile; fileRef = A4719CDA1D161E2A00435E30 /* LaunchScreen.storyboard */; };
		A4719CE71D161E2A00435E30 /* InstaTests.swift in Sources */ = {isa = PBXBuildFile; fileRef = A4719CE61D161E2A00435E30 /* InstaTests.swift */; };
		A4719CF21D161E2A00435E30 /* InstaUITests.swift in Sources */ = {isa = PBXBuildFile; fileRef = A4719CF11D161E2A00435E30 /* InstaUITests.swift */; };
		A4719D001D16231500435E30 /* LogInViewController.swift in Sources */ = {isa = PBXBuildFile; fileRef = A4719CFF1D16231500435E30 /* LogInViewController.swift */; };
		A4719D061D1641B800435E30 /* tabBarViewController.swift in Sources */ = {isa = PBXBuildFile; fileRef = A4719D051D1641B800435E30 /* tabBarViewController.swift */; };
		A4719D081D1753E800435E30 /* HomeViewController.swift in Sources */ = {isa = PBXBuildFile; fileRef = A4719D071D1753E800435E30 /* HomeViewController.swift */; };
		A4719D0A1D1753F800435E30 /* CaptureViewController.swift in Sources */ = {isa = PBXBuildFile; fileRef = A4719D091D1753F800435E30 /* CaptureViewController.swift */; };
		A4719D0C1D175C0B00435E30 /* Post.swift in Sources */ = {isa = PBXBuildFile; fileRef = A4719D0B1D175C0B00435E30 /* Post.swift */; };
		A4719D101D18549D00435E30 /* InstaCell.swift in Sources */ = {isa = PBXBuildFile; fileRef = A4719D0F1D18549D00435E30 /* InstaCell.swift */; };
		A4719D121D1869E000435E30 /* ProfileViewController.swift in Sources */ = {isa = PBXBuildFile; fileRef = A4719D111D1869E000435E30 /* ProfileViewController.swift */; };
		A4EAAC0D1D19022500AEE686 /* DetailViewController.swift in Sources */ = {isa = PBXBuildFile; fileRef = A4EAAC0C1D19022500AEE686 /* DetailViewController.swift */; };
		A9B2E95F998AB5CC18435144 /* Pods_InstaUITests.framework in Frameworks */ = {isa = PBXBuildFile; fileRef = EF61F9530CCB7982D07E9FD3 /* Pods_InstaUITests.framework */; };
/* End PBXBuildFile section */

/* Begin PBXContainerItemProxy section */
		A4719CE31D161E2A00435E30 /* PBXContainerItemProxy */ = {
			isa = PBXContainerItemProxy;
			containerPortal = A4719CC61D161E2A00435E30 /* Project object */;
			proxyType = 1;
			remoteGlobalIDString = A4719CCD1D161E2A00435E30;
			remoteInfo = Insta;
		};
		A4719CEE1D161E2A00435E30 /* PBXContainerItemProxy */ = {
			isa = PBXContainerItemProxy;
			containerPortal = A4719CC61D161E2A00435E30 /* Project object */;
			proxyType = 1;
			remoteGlobalIDString = A4719CCD1D161E2A00435E30;
			remoteInfo = Insta;
		};
/* End PBXContainerItemProxy section */

/* Begin PBXFileReference section */
		644648BD26B7072E9DD2E89E /* Pods-InstaUITests.debug.xcconfig */ = {isa = PBXFileReference; includeInIndex = 1; lastKnownFileType = text.xcconfig; name = "Pods-InstaUITests.debug.xcconfig"; path = "Pods/Target Support Files/Pods-InstaUITests/Pods-InstaUITests.debug.xcconfig"; sourceTree = "<group>"; };
		76F8AACCFC0A7EAA2812DE86 /* Pods-InstaTests.debug.xcconfig */ = {isa = PBXFileReference; includeInIndex = 1; lastKnownFileType = text.xcconfig; name = "Pods-InstaTests.debug.xcconfig"; path = "Pods/Target Support Files/Pods-InstaTests/Pods-InstaTests.debug.xcconfig"; sourceTree = "<group>"; };
		80024D3DB748A9232742D4FD /* Pods_Insta.framework */ = {isa = PBXFileReference; explicitFileType = wrapper.framework; includeInIndex = 0; path = Pods_Insta.framework; sourceTree = BUILT_PRODUCTS_DIR; };
		932E8771E2A37899406D2586 /* Pods-Insta.debug.xcconfig */ = {isa = PBXFileReference; includeInIndex = 1; lastKnownFileType = text.xcconfig; name = "Pods-Insta.debug.xcconfig"; path = "Pods/Target Support Files/Pods-Insta/Pods-Insta.debug.xcconfig"; sourceTree = "<group>"; };
		A46610AC1D1B1D8600508237 /* MyPostsViewController.swift */ = {isa = PBXFileReference; fileEncoding = 4; lastKnownFileType = sourcecode.swift; path = MyPostsViewController.swift; sourceTree = "<group>"; };
		A46610B01D1B1ED500508237 /* ProfileCell.swift */ = {isa = PBXFileReference; fileEncoding = 4; lastKnownFileType = sourcecode.swift; path = ProfileCell.swift; sourceTree = "<group>"; };
		A46610B81D1C74F000508237 /* InfiniteScrollActivityView.swift */ = {isa = PBXFileReference; fileEncoding = 4; lastKnownFileType = sourcecode.swift; path = InfiniteScrollActivityView.swift; sourceTree = "<group>"; };
		A46610BA1D1C9A8800508237 /* CollectionViewController.swift */ = {isa = PBXFileReference; fileEncoding = 4; lastKnownFileType = sourcecode.swift; path = CollectionViewController.swift; sourceTree = "<group>"; };
		A46610BC1D1C9BED00508237 /* CollectionCell.swift */ = {isa = PBXFileReference; fileEncoding = 4; lastKnownFileType = sourcecode.swift; path = CollectionCell.swift; sourceTree = "<group>"; };
		A4719CCE1D161E2A00435E30 /* Insta.app */ = {isa = PBXFileReference; explicitFileType = wrapper.application; includeInIndex = 0; path = Insta.app; sourceTree = BUILT_PRODUCTS_DIR; };
		A4719CD11D161E2A00435E30 /* AppDelegate.swift */ = {isa = PBXFileReference; lastKnownFileType = sourcecode.swift; path = AppDelegate.swift; sourceTree = "<group>"; };
		A4719CD61D161E2A00435E30 /* Base */ = {isa = PBXFileReference; lastKnownFileType = file.storyboard; name = Base; path = Base.lproj/Main.storyboard; sourceTree = "<group>"; };
		A4719CD81D161E2A00435E30 /* Assets.xcassets */ = {isa = PBXFileReference; lastKnownFileType = folder.assetcatalog; path = Assets.xcassets; sourceTree = "<group>"; };
		A4719CDB1D161E2A00435E30 /* Base */ = {isa = PBXFileReference; lastKnownFileType = file.storyboard; name = Base; path = Base.lproj/LaunchScreen.storyboard; sourceTree = "<group>"; };
		A4719CDD1D161E2A00435E30 /* Info.plist */ = {isa = PBXFileReference; lastKnownFileType = text.plist.xml; path = Info.plist; sourceTree = "<group>"; };
		A4719CE21D161E2A00435E30 /* InstaTests.xctest */ = {isa = PBXFileReference; explicitFileType = wrapper.cfbundle; includeInIndex = 0; path = InstaTests.xctest; sourceTree = BUILT_PRODUCTS_DIR; };
		A4719CE61D161E2A00435E30 /* InstaTests.swift */ = {isa = PBXFileReference; lastKnownFileType = sourcecode.swift; path = InstaTests.swift; sourceTree = "<group>"; };
		A4719CE81D161E2A00435E30 /* Info.plist */ = {isa = PBXFileReference; lastKnownFileType = text.plist.xml; path = Info.plist; sourceTree = "<group>"; };
		A4719CED1D161E2A00435E30 /* InstaUITests.xctest */ = {isa = PBXFileReference; explicitFileType = wrapper.cfbundle; includeInIndex = 0; path = InstaUITests.xctest; sourceTree = BUILT_PRODUCTS_DIR; };
		A4719CF11D161E2A00435E30 /* InstaUITests.swift */ = {isa = PBXFileReference; lastKnownFileType = sourcecode.swift; path = InstaUITests.swift; sourceTree = "<group>"; };
		A4719CF31D161E2A00435E30 /* Info.plist */ = {isa = PBXFileReference; lastKnownFileType = text.plist.xml; path = Info.plist; sourceTree = "<group>"; };
		A4719CFF1D16231500435E30 /* LogInViewController.swift */ = {isa = PBXFileReference; fileEncoding = 4; lastKnownFileType = sourcecode.swift; path = LogInViewController.swift; sourceTree = "<group>"; };
		A4719D051D1641B800435E30 /* tabBarViewController.swift */ = {isa = PBXFileReference; fileEncoding = 4; lastKnownFileType = sourcecode.swift; path = tabBarViewController.swift; sourceTree = "<group>"; };
		A4719D071D1753E800435E30 /* HomeViewController.swift */ = {isa = PBXFileReference; fileEncoding = 4; lastKnownFileType = sourcecode.swift; path = HomeViewController.swift; sourceTree = "<group>"; };
		A4719D091D1753F800435E30 /* CaptureViewController.swift */ = {isa = PBXFileReference; fileEncoding = 4; lastKnownFileType = sourcecode.swift; path = CaptureViewController.swift; sourceTree = "<group>"; };
		A4719D0B1D175C0B00435E30 /* Post.swift */ = {isa = PBXFileReference; fileEncoding = 4; lastKnownFileType = sourcecode.swift; path = Post.swift; sourceTree = "<group>"; };
		A4719D0F1D18549D00435E30 /* InstaCell.swift */ = {isa = PBXFileReference; fileEncoding = 4; lastKnownFileType = sourcecode.swift; path = InstaCell.swift; sourceTree = "<group>"; };
		A4719D111D1869E000435E30 /* ProfileViewController.swift */ = {isa = PBXFileReference; fileEncoding = 4; lastKnownFileType = sourcecode.swift; path = ProfileViewController.swift; sourceTree = "<group>"; };
		A4EAAC0C1D19022500AEE686 /* DetailViewController.swift */ = {isa = PBXFileReference; fileEncoding = 4; lastKnownFileType = sourcecode.swift; path = DetailViewController.swift; sourceTree = "<group>"; };
		B00A9A171E2C9033DD8E39E7 /* Pods-Insta.release.xcconfig */ = {isa = PBXFileReference; includeInIndex = 1; lastKnownFileType = text.xcconfig; name = "Pods-Insta.release.xcconfig"; path = "Pods/Target Support Files/Pods-Insta/Pods-Insta.release.xcconfig"; sourceTree = "<group>"; };
		C8500396B7AA89609D5DA014 /* Pods-InstaTests.release.xcconfig */ = {isa = PBXFileReference; includeInIndex = 1; lastKnownFileType = text.xcconfig; name = "Pods-InstaTests.release.xcconfig"; path = "Pods/Target Support Files/Pods-InstaTests/Pods-InstaTests.release.xcconfig"; sourceTree = "<group>"; };
		D416437FCAF22A2F3B462429 /* Pods-InstaUITests.release.xcconfig */ = {isa = PBXFileReference; includeInIndex = 1; lastKnownFileType = text.xcconfig; name = "Pods-InstaUITests.release.xcconfig"; path = "Pods/Target Support Files/Pods-InstaUITests/Pods-InstaUITests.release.xcconfig"; sourceTree = "<group>"; };
		EE81A7EBF3E7C008045ED4C2 /* Pods_InstaTests.framework */ = {isa = PBXFileReference; explicitFileType = wrapper.framework; includeInIndex = 0; path = Pods_InstaTests.framework; sourceTree = BUILT_PRODUCTS_DIR; };
		EF61F9530CCB7982D07E9FD3 /* Pods_InstaUITests.framework */ = {isa = PBXFileReference; explicitFileType = wrapper.framework; includeInIndex = 0; path = Pods_InstaUITests.framework; sourceTree = BUILT_PRODUCTS_DIR; };
/* End PBXFileReference section */

/* Begin PBXFrameworksBuildPhase section */
		A4719CCB1D161E2A00435E30 /* Frameworks */ = {
			isa = PBXFrameworksBuildPhase;
			buildActionMask = 2147483647;
			files = (
				49AAD6B035D8D5C30ADE7CC8 /* Pods_Insta.framework in Frameworks */,
			);
			runOnlyForDeploymentPostprocessing = 0;
		};
		A4719CDF1D161E2A00435E30 /* Frameworks */ = {
			isa = PBXFrameworksBuildPhase;
			buildActionMask = 2147483647;
			files = (
				8DB90A905BEC5EEFBF9B8EBD /* Pods_InstaTests.framework in Frameworks */,
			);
			runOnlyForDeploymentPostprocessing = 0;
		};
		A4719CEA1D161E2A00435E30 /* Frameworks */ = {
			isa = PBXFrameworksBuildPhase;
			buildActionMask = 2147483647;
			files = (
				A9B2E95F998AB5CC18435144 /* Pods_InstaUITests.framework in Frameworks */,
			);
			runOnlyForDeploymentPostprocessing = 0;
		};
/* End PBXFrameworksBuildPhase section */

/* Begin PBXGroup section */
		2F487371CAF8AF20335E8A2A /* Frameworks */ = {
			isa = PBXGroup;
			children = (
				80024D3DB748A9232742D4FD /* Pods_Insta.framework */,
				EE81A7EBF3E7C008045ED4C2 /* Pods_InstaTests.framework */,
				EF61F9530CCB7982D07E9FD3 /* Pods_InstaUITests.framework */,
			);
			name = Frameworks;
			sourceTree = "<group>";
		};
		3DC9424D66DD36D5170B8117 /* Pods */ = {
			isa = PBXGroup;
			children = (
				932E8771E2A37899406D2586 /* Pods-Insta.debug.xcconfig */,
				B00A9A171E2C9033DD8E39E7 /* Pods-Insta.release.xcconfig */,
				76F8AACCFC0A7EAA2812DE86 /* Pods-InstaTests.debug.xcconfig */,
				C8500396B7AA89609D5DA014 /* Pods-InstaTests.release.xcconfig */,
				644648BD26B7072E9DD2E89E /* Pods-InstaUITests.debug.xcconfig */,
				D416437FCAF22A2F3B462429 /* Pods-InstaUITests.release.xcconfig */,
			);
			name = Pods;
			sourceTree = "<group>";
		};
		A4719CC51D161E2A00435E30 = {
			isa = PBXGroup;
			children = (
				A4719CD01D161E2A00435E30 /* Insta */,
				A4719CE51D161E2A00435E30 /* InstaTests */,
				A4719CF01D161E2A00435E30 /* InstaUITests */,
				A4719CCF1D161E2A00435E30 /* Products */,
				3DC9424D66DD36D5170B8117 /* Pods */,
				2F487371CAF8AF20335E8A2A /* Frameworks */,
			);
			sourceTree = "<group>";
		};
		A4719CCF1D161E2A00435E30 /* Products */ = {
			isa = PBXGroup;
			children = (
				A4719CCE1D161E2A00435E30 /* Insta.app */,
				A4719CE21D161E2A00435E30 /* InstaTests.xctest */,
				A4719CED1D161E2A00435E30 /* InstaUITests.xctest */,
			);
			name = Products;
			sourceTree = "<group>";
		};
		A4719CD01D161E2A00435E30 /* Insta */ = {
			isa = PBXGroup;
			children = (
				A4EAAC0C1D19022500AEE686 /* DetailViewController.swift */,
				A4719CD11D161E2A00435E30 /* AppDelegate.swift */,
				A4719CD51D161E2A00435E30 /* Main.storyboard */,
				A46610BC1D1C9BED00508237 /* CollectionCell.swift */,
				A4719D0B1D175C0B00435E30 /* Post.swift */,
				A4719CD81D161E2A00435E30 /* Assets.xcassets */,
				A4719CDA1D161E2A00435E30 /* LaunchScreen.storyboard */,
				A4719CDD1D161E2A00435E30 /* Info.plist */,
				A4719CFF1D16231500435E30 /* LogInViewController.swift */,
				A4719D051D1641B800435E30 /* tabBarViewController.swift */,
				A4719D071D1753E800435E30 /* HomeViewController.swift */,
				A4719D091D1753F800435E30 /* CaptureViewController.swift */,
				A4719D111D1869E000435E30 /* ProfileViewController.swift */,
				A46610AC1D1B1D8600508237 /* MyPostsViewController.swift */,
				A4719D0F1D18549D00435E30 /* InstaCell.swift */,
				A46610B01D1B1ED500508237 /* ProfileCell.swift */,
				A46610B81D1C74F000508237 /* InfiniteScrollActivityView.swift */,
				A46610BA1D1C9A8800508237 /* CollectionViewController.swift */,
			);
			path = Insta;
			sourceTree = "<group>";
		};
		A4719CE51D161E2A00435E30 /* InstaTests */ = {
			isa = PBXGroup;
			children = (
				A4719CE61D161E2A00435E30 /* InstaTests.swift */,
				A4719CE81D161E2A00435E30 /* Info.plist */,
			);
			path = InstaTests;
			sourceTree = "<group>";
		};
		A4719CF01D161E2A00435E30 /* InstaUITests */ = {
			isa = PBXGroup;
			children = (
				A4719CF11D161E2A00435E30 /* InstaUITests.swift */,
				A4719CF31D161E2A00435E30 /* Info.plist */,
			);
			path = InstaUITests;
			sourceTree = "<group>";
		};
/* End PBXGroup section */

/* Begin PBXNativeTarget section */
		A4719CCD1D161E2A00435E30 /* Insta */ = {
			isa = PBXNativeTarget;
			buildConfigurationList = A4719CF61D161E2A00435E30 /* Build configuration list for PBXNativeTarget "Insta" */;
			buildPhases = (
				194767D9A4577E3494A12F55 /* [CP] Check Pods Manifest.lock */,
				A4719CCA1D161E2A00435E30 /* Sources */,
				A4719CCB1D161E2A00435E30 /* Frameworks */,
				A4719CCC1D161E2A00435E30 /* Resources */,
				AB9891206A5DA63650D087AE /* [CP] Embed Pods Frameworks */,
				03F3786890971AF82EE863EF /* [CP] Copy Pods Resources */,
			);
			buildRules = (
			);
			dependencies = (
			);
			name = Insta;
			productName = Insta;
			productReference = A4719CCE1D161E2A00435E30 /* Insta.app */;
			productType = "com.apple.product-type.application";
		};
		A4719CE11D161E2A00435E30 /* InstaTests */ = {
			isa = PBXNativeTarget;
			buildConfigurationList = A4719CF91D161E2A00435E30 /* Build configuration list for PBXNativeTarget "InstaTests" */;
			buildPhases = (
				3F520160AF543EB7342E525B /* [CP] Check Pods Manifest.lock */,
				A4719CDE1D161E2A00435E30 /* Sources */,
				A4719CDF1D161E2A00435E30 /* Frameworks */,
				A4719CE01D161E2A00435E30 /* Resources */,
				2B00FFDD4646811B08A87935 /* [CP] Embed Pods Frameworks */,
				B2D4C9BEC244F3F30F81C63D /* [CP] Copy Pods Resources */,
			);
			buildRules = (
			);
			dependencies = (
				A4719CE41D161E2A00435E30 /* PBXTargetDependency */,
			);
			name = InstaTests;
			productName = InstaTests;
			productReference = A4719CE21D161E2A00435E30 /* InstaTests.xctest */;
			productType = "com.apple.product-type.bundle.unit-test";
		};
		A4719CEC1D161E2A00435E30 /* InstaUITests */ = {
			isa = PBXNativeTarget;
			buildConfigurationList = A4719CFC1D161E2A00435E30 /* Build configuration list for PBXNativeTarget "InstaUITests" */;
			buildPhases = (
				5E18A4DFFE226E814208688A /* [CP] Check Pods Manifest.lock */,
				A4719CE91D161E2A00435E30 /* Sources */,
				A4719CEA1D161E2A00435E30 /* Frameworks */,
				A4719CEB1D161E2A00435E30 /* Resources */,
				718EC9C45AE3D3376E7C1B90 /* [CP] Copy Pods Resources */,
			);
			buildRules = (
			);
			dependencies = (
				A4719CEF1D161E2A00435E30 /* PBXTargetDependency */,
			);
			name = InstaUITests;
			productName = InstaUITests;
			productReference = A4719CED1D161E2A00435E30 /* InstaUITests.xctest */;
			productType = "com.apple.product-type.bundle.ui-testing";
		};
/* End PBXNativeTarget section */

/* Begin PBXProject section */
		A4719CC61D161E2A00435E30 /* Project object */ = {
			isa = PBXProject;
			attributes = {
				LastSwiftUpdateCheck = 0730;
				LastUpgradeCheck = 0730;
				ORGANIZATIONNAME = "Mazen & Andres";
				TargetAttributes = {
					A4719CCD1D161E2A00435E30 = {
						CreatedOnToolsVersion = 7.3.1;
					};
					A4719CE11D161E2A00435E30 = {
						CreatedOnToolsVersion = 7.3.1;
						TestTargetID = A4719CCD1D161E2A00435E30;
					};
					A4719CEC1D161E2A00435E30 = {
						CreatedOnToolsVersion = 7.3.1;
						TestTargetID = A4719CCD1D161E2A00435E30;
					};
				};
			};
			buildConfigurationList = A4719CC91D161E2A00435E30 /* Build configuration list for PBXProject "Insta" */;
			compatibilityVersion = "Xcode 3.2";
			developmentRegion = English;
			hasScannedForEncodings = 0;
			knownRegions = (
				en,
				Base,
			);
			mainGroup = A4719CC51D161E2A00435E30;
			productRefGroup = A4719CCF1D161E2A00435E30 /* Products */;
			projectDirPath = "";
			projectRoot = "";
			targets = (
				A4719CCD1D161E2A00435E30 /* Insta */,
				A4719CE11D161E2A00435E30 /* InstaTests */,
				A4719CEC1D161E2A00435E30 /* InstaUITests */,
			);
		};
/* End PBXProject section */

/* Begin PBXResourcesBuildPhase section */
		A4719CCC1D161E2A00435E30 /* Resources */ = {
			isa = PBXResourcesBuildPhase;
			buildActionMask = 2147483647;
			files = (
				A4719CDC1D161E2A00435E30 /* LaunchScreen.storyboard in Resources */,
				A4719CD91D161E2A00435E30 /* Assets.xcassets in Resources */,
				A4719CD71D161E2A00435E30 /* Main.storyboard in Resources */,
			);
			runOnlyForDeploymentPostprocessing = 0;
		};
		A4719CE01D161E2A00435E30 /* Resources */ = {
			isa = PBXResourcesBuildPhase;
			buildActionMask = 2147483647;
			files = (
			);
			runOnlyForDeploymentPostprocessing = 0;
		};
		A4719CEB1D161E2A00435E30 /* Resources */ = {
			isa = PBXResourcesBuildPhase;
			buildActionMask = 2147483647;
			files = (
			);
			runOnlyForDeploymentPostprocessing = 0;
		};
/* End PBXResourcesBuildPhase section */

/* Begin PBXShellScriptBuildPhase section */
		03F3786890971AF82EE863EF /* [CP] Copy Pods Resources */ = {
			isa = PBXShellScriptBuildPhase;
			buildActionMask = 2147483647;
			files = (
			);
			inputPaths = (
			);
			name = "[CP] Copy Pods Resources";
			outputPaths = (
			);
			runOnlyForDeploymentPostprocessing = 0;
			shellPath = /bin/sh;
			shellScript = "\"${SRCROOT}/Pods/Target Support Files/Pods-Insta/Pods-Insta-resources.sh\"\n";
			showEnvVarsInLog = 0;
		};
		194767D9A4577E3494A12F55 /* [CP] Check Pods Manifest.lock */ = {
			isa = PBXShellScriptBuildPhase;
			buildActionMask = 2147483647;
			files = (
			);
			inputPaths = (
			);
			name = "[CP] Check Pods Manifest.lock";
			outputPaths = (
			);
			runOnlyForDeploymentPostprocessing = 0;
			shellPath = /bin/sh;
			shellScript = "diff \"${PODS_ROOT}/../Podfile.lock\" \"${PODS_ROOT}/Manifest.lock\" > /dev/null\nif [[ $? != 0 ]] ; then\n    cat << EOM\nerror: The sandbox is not in sync with the Podfile.lock. Run 'pod install' or update your CocoaPods installation.\nEOM\n    exit 1\nfi\n";
			showEnvVarsInLog = 0;
		};
		2B00FFDD4646811B08A87935 /* [CP] Embed Pods Frameworks */ = {
			isa = PBXShellScriptBuildPhase;
			buildActionMask = 2147483647;
			files = (
			);
			inputPaths = (
			);
			name = "[CP] Embed Pods Frameworks";
			outputPaths = (
			);
			runOnlyForDeploymentPostprocessing = 0;
			shellPath = /bin/sh;
			shellScript = "\"${SRCROOT}/Pods/Target Support Files/Pods-InstaTests/Pods-InstaTests-frameworks.sh\"\n";
			showEnvVarsInLog = 0;
		};
		3F520160AF543EB7342E525B /* [CP] Check Pods Manifest.lock */ = {
			isa = PBXShellScriptBuildPhase;
			buildActionMask = 2147483647;
			files = (
			);
			inputPaths = (
			);
			name = "[CP] Check Pods Manifest.lock";
			outputPaths = (
			);
			runOnlyForDeploymentPostprocessing = 0;
			shellPath = /bin/sh;
			shellScript = "diff \"${PODS_ROOT}/../Podfile.lock\" \"${PODS_ROOT}/Manifest.lock\" > /dev/null\nif [[ $? != 0 ]] ; then\n    cat << EOM\nerror: The sandbox is not in sync with the Podfile.lock. Run 'pod install' or update your CocoaPods installation.\nEOM\n    exit 1\nfi\n";
			showEnvVarsInLog = 0;
		};
		5E18A4DFFE226E814208688A /* [CP] Check Pods Manifest.lock */ = {
			isa = PBXShellScriptBuildPhase;
			buildActionMask = 2147483647;
			files = (
			);
			inputPaths = (
			);
			name = "[CP] Check Pods Manifest.lock";
			outputPaths = (
			);
			runOnlyForDeploymentPostprocessing = 0;
			shellPath = /bin/sh;
			shellScript = "diff \"${PODS_ROOT}/../Podfile.lock\" \"${PODS_ROOT}/Manifest.lock\" > /dev/null\nif [[ $? != 0 ]] ; then\n    cat << EOM\nerror: The sandbox is not in sync with the Podfile.lock. Run 'pod install' or update your CocoaPods installation.\nEOM\n    exit 1\nfi\n";
			showEnvVarsInLog = 0;
		};
		718EC9C45AE3D3376E7C1B90 /* [CP] Copy Pods Resources */ = {
			isa = PBXShellScriptBuildPhase;
			buildActionMask = 2147483647;
			files = (
			);
			inputPaths = (
			);
			name = "[CP] Copy Pods Resources";
			outputPaths = (
			);
			runOnlyForDeploymentPostprocessing = 0;
			shellPath = /bin/sh;
			shellScript = "\"${SRCROOT}/Pods/Target Support Files/Pods-InstaUITests/Pods-InstaUITests-resources.sh\"\n";
			showEnvVarsInLog = 0;
		};
		AB9891206A5DA63650D087AE /* [CP] Embed Pods Frameworks */ = {
			isa = PBXShellScriptBuildPhase;
			buildActionMask = 2147483647;
			files = (
			);
			inputPaths = (
			);
			name = "[CP] Embed Pods Frameworks";
			outputPaths = (
			);
			runOnlyForDeploymentPostprocessing = 0;
			shellPath = /bin/sh;
			shellScript = "\"${SRCROOT}/Pods/Target Support Files/Pods-Insta/Pods-Insta-frameworks.sh\"\n";
			showEnvVarsInLog = 0;
		};
		B2D4C9BEC244F3F30F81C63D /* [CP] Copy Pods Resources */ = {
			isa = PBXShellScriptBuildPhase;
			buildActionMask = 2147483647;
			files = (
			);
			inputPaths = (
			);
			name = "[CP] Copy Pods Resources";
			outputPaths = (
			);
			runOnlyForDeploymentPostprocessing = 0;
			shellPath = /bin/sh;
			shellScript = "\"${SRCROOT}/Pods/Target Support Files/Pods-InstaTests/Pods-InstaTests-resources.sh\"\n";
			showEnvVarsInLog = 0;
		};
/* End PBXShellScriptBuildPhase section */

/* Begin PBXSourcesBuildPhase section */
		A4719CCA1D161E2A00435E30 /* Sources */ = {
			isa = PBXSourcesBuildPhase;
			buildActionMask = 2147483647;
			files = (
				A46610BB1D1C9A8800508237 /* CollectionViewController.swift in Sources */,
				A46610B91D1C74F000508237 /* InfiniteScrollActivityView.swift in Sources */,
				A4EAAC0D1D19022500AEE686 /* DetailViewController.swift in Sources */,
				A4719D061D1641B800435E30 /* tabBarViewController.swift in Sources */,
				A4719CD21D161E2A00435E30 /* AppDelegate.swift in Sources */,
				A46610B11D1B1ED500508237 /* ProfileCell.swift in Sources */,
				A4719D001D16231500435E30 /* LogInViewController.swift in Sources */,
				A46610AD1D1B1D8600508237 /* MyPostsViewController.swift in Sources */,
				A4719D0C1D175C0B00435E30 /* Post.swift in Sources */,
				A4719D081D1753E800435E30 /* HomeViewController.swift in Sources */,
				A4719D0A1D1753F800435E30 /* CaptureViewController.swift in Sources */,
				A46610BD1D1C9BED00508237 /* CollectionCell.swift in Sources */,
				A4719D121D1869E000435E30 /* ProfileViewController.swift in Sources */,
				A4719D101D18549D00435E30 /* InstaCell.swift in Sources */,
			);
			runOnlyForDeploymentPostprocessing = 0;
		};
		A4719CDE1D161E2A00435E30 /* Sources */ = {
			isa = PBXSourcesBuildPhase;
			buildActionMask = 2147483647;
			files = (
				A4719CE71D161E2A00435E30 /* InstaTests.swift in Sources */,
			);
			runOnlyForDeploymentPostprocessing = 0;
		};
		A4719CE91D161E2A00435E30 /* Sources */ = {
			isa = PBXSourcesBuildPhase;
			buildActionMask = 2147483647;
			files = (
				A4719CF21D161E2A00435E30 /* InstaUITests.swift in Sources */,
			);
			runOnlyForDeploymentPostprocessing = 0;
		};
/* End PBXSourcesBuildPhase section */

/* Begin PBXTargetDependency section */
		A4719CE41D161E2A00435E30 /* PBXTargetDependency */ = {
			isa = PBXTargetDependency;
			target = A4719CCD1D161E2A00435E30 /* Insta */;
			targetProxy = A4719CE31D161E2A00435E30 /* PBXContainerItemProxy */;
		};
		A4719CEF1D161E2A00435E30 /* PBXTargetDependency */ = {
			isa = PBXTargetDependency;
			target = A4719CCD1D161E2A00435E30 /* Insta */;
			targetProxy = A4719CEE1D161E2A00435E30 /* PBXContainerItemProxy */;
		};
/* End PBXTargetDependency section */

/* Begin PBXVariantGroup section */
		A4719CD51D161E2A00435E30 /* Main.storyboard */ = {
			isa = PBXVariantGroup;
			children = (
				A4719CD61D161E2A00435E30 /* Base */,
			);
			name = Main.storyboard;
			sourceTree = "<group>";
		};
		A4719CDA1D161E2A00435E30 /* LaunchScreen.storyboard */ = {
			isa = PBXVariantGroup;
			children = (
				A4719CDB1D161E2A00435E30 /* Base */,
			);
			name = LaunchScreen.storyboard;
			sourceTree = "<group>";
		};
/* End PBXVariantGroup section */

/* Begin XCBuildConfiguration section */
		A4719CF41D161E2A00435E30 /* Debug */ = {
			isa = XCBuildConfiguration;
			buildSettings = {
				ALWAYS_SEARCH_USER_PATHS = NO;
				CLANG_ANALYZER_NONNULL = YES;
				CLANG_CXX_LANGUAGE_STANDARD = "gnu++0x";
				CLANG_CXX_LIBRARY = "libc++";
				CLANG_ENABLE_MODULES = YES;
				CLANG_ENABLE_OBJC_ARC = YES;
				CLANG_WARN_BOOL_CONVERSION = YES;
				CLANG_WARN_CONSTANT_CONVERSION = YES;
				CLANG_WARN_DIRECT_OBJC_ISA_USAGE = YES_ERROR;
				CLANG_WARN_EMPTY_BODY = YES;
				CLANG_WARN_ENUM_CONVERSION = YES;
				CLANG_WARN_INT_CONVERSION = YES;
				CLANG_WARN_OBJC_ROOT_CLASS = YES_ERROR;
				CLANG_WARN_UNREACHABLE_CODE = YES;
				CLANG_WARN__DUPLICATE_METHOD_MATCH = YES;
				"CODE_SIGN_IDENTITY[sdk=iphoneos*]" = "iPhone Developer";
				COPY_PHASE_STRIP = NO;
				DEBUG_INFORMATION_FORMAT = dwarf;
				ENABLE_STRICT_OBJC_MSGSEND = YES;
				ENABLE_TESTABILITY = YES;
				GCC_C_LANGUAGE_STANDARD = gnu99;
				GCC_DYNAMIC_NO_PIC = NO;
				GCC_NO_COMMON_BLOCKS = YES;
				GCC_OPTIMIZATION_LEVEL = 0;
				GCC_PREPROCESSOR_DEFINITIONS = (
					"DEBUG=1",
					"$(inherited)",
				);
				GCC_WARN_64_TO_32_BIT_CONVERSION = YES;
				GCC_WARN_ABOUT_RETURN_TYPE = YES_ERROR;
				GCC_WARN_UNDECLARED_SELECTOR = YES;
				GCC_WARN_UNINITIALIZED_AUTOS = YES_AGGRESSIVE;
				GCC_WARN_UNUSED_FUNCTION = YES;
				GCC_WARN_UNUSED_VARIABLE = YES;
				IPHONEOS_DEPLOYMENT_TARGET = 9.3;
				MTL_ENABLE_DEBUG_INFO = YES;
				ONLY_ACTIVE_ARCH = YES;
				SDKROOT = iphoneos;
				SWIFT_OPTIMIZATION_LEVEL = "-Onone";
			};
			name = Debug;
		};
		A4719CF51D161E2A00435E30 /* Release */ = {
			isa = XCBuildConfiguration;
			buildSettings = {
				ALWAYS_SEARCH_USER_PATHS = NO;
				CLANG_ANALYZER_NONNULL = YES;
				CLANG_CXX_LANGUAGE_STANDARD = "gnu++0x";
				CLANG_CXX_LIBRARY = "libc++";
				CLANG_ENABLE_MODULES = YES;
				CLANG_ENABLE_OBJC_ARC = YES;
				CLANG_WARN_BOOL_CONVERSION = YES;
				CLANG_WARN_CONSTANT_CONVERSION = YES;
				CLANG_WARN_DIRECT_OBJC_ISA_USAGE = YES_ERROR;
				CLANG_WARN_EMPTY_BODY = YES;
				CLANG_WARN_ENUM_CONVERSION = YES;
				CLANG_WARN_INT_CONVERSION = YES;
				CLANG_WARN_OBJC_ROOT_CLASS = YES_ERROR;
				CLANG_WARN_UNREACHABLE_CODE = YES;
				CLANG_WARN__DUPLICATE_METHOD_MATCH = YES;
				"CODE_SIGN_IDENTITY[sdk=iphoneos*]" = "iPhone Developer";
				COPY_PHASE_STRIP = NO;
				DEBUG_INFORMATION_FORMAT = "dwarf-with-dsym";
				ENABLE_NS_ASSERTIONS = NO;
				ENABLE_STRICT_OBJC_MSGSEND = YES;
				GCC_C_LANGUAGE_STANDARD = gnu99;
				GCC_NO_COMMON_BLOCKS = YES;
				GCC_WARN_64_TO_32_BIT_CONVERSION = YES;
				GCC_WARN_ABOUT_RETURN_TYPE = YES_ERROR;
				GCC_WARN_UNDECLARED_SELECTOR = YES;
				GCC_WARN_UNINITIALIZED_AUTOS = YES_AGGRESSIVE;
				GCC_WARN_UNUSED_FUNCTION = YES;
				GCC_WARN_UNUSED_VARIABLE = YES;
				IPHONEOS_DEPLOYMENT_TARGET = 9.3;
				MTL_ENABLE_DEBUG_INFO = NO;
				SDKROOT = iphoneos;
				VALIDATE_PRODUCT = YES;
			};
			name = Release;
		};
		A4719CF71D161E2A00435E30 /* Debug */ = {
			isa = XCBuildConfiguration;
			baseConfigurationReference = 932E8771E2A37899406D2586 /* Pods-Insta.debug.xcconfig */;
			buildSettings = {
				ASSETCATALOG_COMPILER_APPICON_NAME = AppIcon;
				INFOPLIST_FILE = Insta/Info.plist;
				LD_RUNPATH_SEARCH_PATHS = "$(inherited) @executable_path/Frameworks";
				PRODUCT_BUNDLE_IDENTIFIER = com.codepath.Insta;
				PRODUCT_NAME = "$(TARGET_NAME)";
			};
			name = Debug;
		};
		A4719CF81D161E2A00435E30 /* Release */ = {
			isa = XCBuildConfiguration;
			baseConfigurationReference = B00A9A171E2C9033DD8E39E7 /* Pods-Insta.release.xcconfig */;
			buildSettings = {
				ASSETCATALOG_COMPILER_APPICON_NAME = AppIcon;
				INFOPLIST_FILE = Insta/Info.plist;
				LD_RUNPATH_SEARCH_PATHS = "$(inherited) @executable_path/Frameworks";
				PRODUCT_BUNDLE_IDENTIFIER = com.codepath.Insta;
				PRODUCT_NAME = "$(TARGET_NAME)";
			};
			name = Release;
		};
		A4719CFA1D161E2A00435E30 /* Debug */ = {
			isa = XCBuildConfiguration;
			baseConfigurationReference = 76F8AACCFC0A7EAA2812DE86 /* Pods-InstaTests.debug.xcconfig */;
			buildSettings = {
				BUNDLE_LOADER = "$(TEST_HOST)";
				INFOPLIST_FILE = InstaTests/Info.plist;
				LD_RUNPATH_SEARCH_PATHS = "$(inherited) @executable_path/Frameworks @loader_path/Frameworks";
				PRODUCT_BUNDLE_IDENTIFIER = com.codepath.InstaTests;
				PRODUCT_NAME = "$(TARGET_NAME)";
				TEST_HOST = "$(BUILT_PRODUCTS_DIR)/Insta.app/Insta";
			};
			name = Debug;
		};
		A4719CFB1D161E2A00435E30 /* Release */ = {
			isa = XCBuildConfiguration;
			baseConfigurationReference = C8500396B7AA89609D5DA014 /* Pods-InstaTests.release.xcconfig */;
			buildSettings = {
				BUNDLE_LOADER = "$(TEST_HOST)";
				INFOPLIST_FILE = InstaTests/Info.plist;
				LD_RUNPATH_SEARCH_PATHS = "$(inherited) @executable_path/Frameworks @loader_path/Frameworks";
				PRODUCT_BUNDLE_IDENTIFIER = com.codepath.InstaTests;
				PRODUCT_NAME = "$(TARGET_NAME)";
				TEST_HOST = "$(BUILT_PRODUCTS_DIR)/Insta.app/Insta";
			};
			name = Release;
		};
		A4719CFD1D161E2A00435E30 /* Debug */ = {
			isa = XCBuildConfiguration;
			baseConfigurationReference = 644648BD26B7072E9DD2E89E /* Pods-InstaUITests.debug.xcconfig */;
			buildSettings = {
				INFOPLIST_FILE = InstaUITests/Info.plist;
				LD_RUNPATH_SEARCH_PATHS = "$(inherited) @executable_path/Frameworks @loader_path/Frameworks";
				PRODUCT_BUNDLE_IDENTIFIER = com.codepath.InstaUITests;
				PRODUCT_NAME = "$(TARGET_NAME)";
				TEST_TARGET_NAME = Insta;
			};
			name = Debug;
		};
		A4719CFE1D161E2A00435E30 /* Release */ = {
			isa = XCBuildConfiguration;
			baseConfigurationReference = D416437FCAF22A2F3B462429 /* Pods-InstaUITests.release.xcconfig */;
			buildSettings = {
				INFOPLIST_FILE = InstaUITests/Info.plist;
				LD_RUNPATH_SEARCH_PATHS = "$(inherited) @executable_path/Frameworks @loader_path/Frameworks";
				PRODUCT_BUNDLE_IDENTIFIER = com.codepath.InstaUITests;
				PRODUCT_NAME = "$(TARGET_NAME)";
				TEST_TARGET_NAME = Insta;
			};
			name = Release;
		};
/* End XCBuildConfiguration section */

/* Begin XCConfigurationList section */
		A4719CC91D161E2A00435E30 /* Build configuration list for PBXProject "Insta" */ = {
			isa = XCConfigurationList;
			buildConfigurations = (
				A4719CF41D161E2A00435E30 /* Debug */,
				A4719CF51D161E2A00435E30 /* Release */,
			);
			defaultConfigurationIsVisible = 0;
			defaultConfigurationName = Release;
		};
		A4719CF61D161E2A00435E30 /* Build configuration list for PBXNativeTarget "Insta" */ = {
			isa = XCConfigurationList;
			buildConfigurations = (
				A4719CF71D161E2A00435E30 /* Debug */,
				A4719CF81D161E2A00435E30 /* Release */,
			);
			defaultConfigurationIsVisible = 0;
			defaultConfigurationName = Release;
		};
		A4719CF91D161E2A00435E30 /* Build configuration list for PBXNativeTarget "InstaTests" */ = {
			isa = XCConfigurationList;
			buildConfigurations = (
				A4719CFA1D161E2A00435E30 /* Debug */,
				A4719CFB1D161E2A00435E30 /* Release */,
			);
			defaultConfigurationIsVisible = 0;
			defaultConfigurationName = Release;
		};
		A4719CFC1D161E2A00435E30 /* Build configuration list for PBXNativeTarget "InstaUITests" */ = {
			isa = XCConfigurationList;
			buildConfigurations = (
				A4719CFD1D161E2A00435E30 /* Debug */,
				A4719CFE1D161E2A00435E30 /* Release */,
			);
			defaultConfigurationIsVisible = 0;
			defaultConfigurationName = Release;
		};
/* End XCConfigurationList section */
	};
	rootObject = A4719CC61D161E2A00435E30 /* Project object */;
}
